# This file is automatically @generated by Cargo.
# It is not intended for manual editing.
version = 3

[[package]]
name = "autocfg"
version = "0.1.2"
source = "registry+https://github.com/rust-lang/crates.io-index"
checksum = "a6d640bee2da49f60a4068a7fae53acde8982514ab7bae8b8cea9e88cbcfd799"

[[package]]
name = "bincode"
version = "1.1.3"
source = "registry+https://github.com/rust-lang/crates.io-index"
checksum = "959c8e54c1ad412ffeeb95f05a9cade02d2d40a7b3c2f852d3353148f4beff35"
dependencies = [
 "autocfg",
 "byteorder",
 "serde",
]

[[package]]
name = "byteorder"
version = "1.3.1"
source = "registry+https://github.com/rust-lang/crates.io-index"
checksum = "a019b10a2a7cdeb292db131fc8113e57ea2a908f6e7894b0c3c671893b65dbeb"

[[package]]
name = "cfg-if"
version = "0.1.7"
source = "registry+https://github.com/rust-lang/crates.io-index"
checksum = "11d43355396e872eefb45ce6342e4374ed7bc2b3a502d1b28e36d6e23c05d1f4"

[[package]]
name = "fuse"
version = "0.3.1"
source = "registry+https://github.com/rust-lang/crates.io-index"
checksum = "80e57070510966bfef93662a81cb8aa2b1c7db0964354fa9921434f04b9e8660"
dependencies = [
 "libc",
 "log 0.3.9",
 "pkg-config",
 "thread-scoped",
 "time",
]

[[package]]
name = "libc"
version = "0.2.51"
source = "registry+https://github.com/rust-lang/crates.io-index"
checksum = "bedcc7a809076656486ffe045abeeac163da1b558e963a31e29fbfbeba916917"

[[package]]
name = "log"
version = "0.3.9"
source = "registry+https://github.com/rust-lang/crates.io-index"
checksum = "e19e8d5c34a3e0e2223db8e060f9e8264aeeb5c5fc64a4ee9965c062211c024b"
dependencies = [
 "log 0.4.6",
]

[[package]]
name = "log"
version = "0.4.6"
source = "registry+https://github.com/rust-lang/crates.io-index"
checksum = "c84ec4b527950aa83a329754b01dbe3f58361d1c5efacd1f6d68c494d08a17c6"
dependencies = [
 "cfg-if",
]

[[package]]
name = "pkg-config"
version = "0.3.14"
source = "registry+https://github.com/rust-lang/crates.io-index"
checksum = "676e8eb2b1b4c9043511a9b7bea0915320d7e502b0a079fb03f9635a5252b18c"

[[package]]
name = "proc-macro2"
version = "0.4.28"
source = "registry+https://github.com/rust-lang/crates.io-index"
checksum = "ba92c84f814b3f9a44c5cfca7d2ad77fa10710867d2bbb1b3d175ab5f47daa12"
dependencies = [
 "unicode-xid",
]

[[package]]
name = "qr_fs"
version = "0.1.0"
dependencies = [
 "bincode",
 "fuse",
 "libc",
 "serde",
 "serde-big-array",
 "time",
]

[[package]]
name = "quote"
version = "0.6.12"
source = "registry+https://github.com/rust-lang/crates.io-index"
checksum = "faf4799c5d274f3868a4aae320a0a182cbd2baee377b378f080e16a23e9d80db"
dependencies = [
 "proc-macro2",
]

[[package]]
name = "redox_syscall"
version = "0.1.54"
source = "registry+https://github.com/rust-lang/crates.io-index"
checksum = "12229c14a0f65c4f1cb046a3b52047cdd9da1f4b30f8a39c5063c8bae515e252"

[[package]]
name = "serde"
version = "1.0.90"
source = "registry+https://github.com/rust-lang/crates.io-index"
checksum = "aa5f7c20820475babd2c077c3ab5f8c77a31c15e16ea38687b4c02d3e48680f4"
dependencies = [
 "serde_derive",
]

[[package]]
name = "serde-big-array"
version = "0.1.5"
source = "registry+https://github.com/rust-lang/crates.io-index"
checksum = "b926cfbabfe8011609dda0350cb24d884955d294909ac71c0db7027366c77e3e"
dependencies = [
 "serde",
 "serde_derive",
]

[[package]]
name = "serde_derive"
version = "1.0.90"
source = "registry+https://github.com/rust-lang/crates.io-index"
checksum = "58fc82bec244f168b23d1963b45c8bf5726e9a15a9d146a067f9081aeed2de79"
dependencies = [
 "proc-macro2",
 "quote",
 "syn",
]

[[package]]
name = "syn"
version = "0.15.33"
source = "registry+https://github.com/rust-lang/crates.io-index"
checksum = "ec52cd796e5f01d0067225a5392e70084acc4c0013fa71d55166d38a8b307836"
dependencies = [
 "proc-macro2",
 "quote",
 "unicode-xid",
]

[[package]]
name = "thread-scoped"
version = "1.0.2"
source = "registry+https://github.com/rust-lang/crates.io-index"
checksum = "bcbb6aa301e5d3b0b5ef639c9a9c7e2f1c944f177b460c04dc24c69b1fa2bd99"

[[package]]
name = "time"
version = "0.1.42"
source = "registry+https://github.com/rust-lang/crates.io-index"
checksum = "db8dcfca086c1143c9270ac42a2bbd8a7ee477b78ac8e45b19abfb0cbede4b6f"
dependencies = [
 "libc",
 "redox_syscall",
 "winapi",
]

[[package]]
name = "unicode-xid"
version = "0.1.0"
source = "registry+https://github.com/rust-lang/crates.io-index"
checksum = "fc72304796d0818e357ead4e000d19c9c174ab23dc11093ac919054d20a6a7fc"

[[package]]
name = "winapi"
version = "0.3.7"
source = "registry+https://github.com/rust-lang/crates.io-index"
checksum = "f10e386af2b13e47c89e7236a7a14a086791a2b88ebad6df9bf42040195cf770"
dependencies = [
 "winapi-i686-pc-windows-gnu",
 "winapi-x86_64-pc-windows-gnu",
]

[[package]]
name = "winapi-i686-pc-windows-gnu"
version = "0.4.0"
source = "registry+https://github.com/rust-lang/crates.io-index"
checksum = "ac3b87c63620426dd9b991e5ce0329eff545bccbbb34f3be09ff6fb6ab51b7b6"

[[package]]
name = "winapi-x86_64-pc-windows-gnu"
version = "0.4.0"
source = "registry+https://github.com/rust-lang/crates.io-index"
checksum = "712e227841d057c1ee1cd2fb22fa7e5a5461ae8e48fa2ca79ec42cfc1931183f"
